
Microsoft Visual Studio Solution File, Format Version 12.00
# Visual Studio Version 17
VisualStudioVersion = 17.14.36518.9 d17.14
MinimumVisualStudioVersion = 10.0.40219.1
Project("{FAE04EC0-301F-11D3-BF4B-00C04F79EFBC}") = "Recusivity", "Recusivity.csproj", "{C3CE10F7-29BA-4EE7-9AC5-B355C38F9605}"
EndProject
Global
	GlobalSection(SolutionConfigurationPlatforms) = preSolution
		Debug|Any CPU = Debug|Any CPU
		Release|Any CPU = Release|Any CPU
	EndGlobalSection
	GlobalSection(ProjectConfigurationPlatforms) = postSolution
		{C3CE10F7-29BA-4EE7-9AC5-B355C38F9605}.Debug|Any CPU.ActiveCfg = Debug|Any CPU
		{C3CE10F7-29BA-4EE7-9AC5-B355C38F9605}.Debug|Any CPU.Build.0 = Debug|Any CPU
		{C3CE10F7-29BA-4EE7-9AC5-B355C38F9605}.Release|Any CPU.ActiveCfg = Release|Any CPU
		{C3CE10F7-29BA-4EE7-9AC5-B355C38F9605}.Release|Any CPU.Build.0 = Release|Any CPU
	EndGlobalSection
	GlobalSection(SolutionProperties) = preSolution
		HideSolutionNode = FALSE
	EndGlobalSection
	GlobalSection(ExtensibilityGlobals) = postSolution
		SolutionGuid = {D47C4BCF-8CD5-4043-9AD0-D31CC4AB9D69}
	EndGlobalSection
EndGlobal
